
Microsoft Visual Studio Solution File, Format Version 12.00
# Visual Studio Version 17
VisualStudioVersion = 17.12.35728.132
MinimumVisualStudioVersion = 10.0.40219.1
Project("{FAE04EC0-301F-11D3-BF4B-00C04F79EFBC}") = "ContactManagement", "ContactManagement.csproj", "{8F96D443-2072-4565-B7E1-91C4C9A9DA58}"
EndProject
Project("{FAE04EC0-301F-11D3-BF4B-00C04F79EFBC}") = "Entities_Core", "..\Entities_Core\Entities_Core.csproj", "{CC1F3D36-10D0-41AE-ADF4-27C74A505C00}"
EndProject
Project("{FAE04EC0-301F-11D3-BF4B-00C04F79EFBC}") = "Service_Contracts", "..\Service_Contracts\Service_Contracts.csproj", "{A53F87F0-19CB-451C-A570-E1F1E8B5FD65}"
EndProject
Project("{FAE04EC0-301F-11D3-BF4B-00C04F79EFBC}") = "Entities_DTO", "..\Entities_DTO\Entities_DTO.csproj", "{3E0CC2E0-57B3-4DC7-90A8-523FA2EF8D3A}"
EndProject
Project("{FAE04EC0-301F-11D3-BF4B-00C04F79EFBC}") = "Service_Classes", "..\Service_Classes\Service_Classes.csproj", "{6E7B45A5-2FC8-435A-9974-592F1E005472}"
EndProject
Project("{FAE04EC0-301F-11D3-BF4B-00C04F79EFBC}") = "ContactManagementTest", "..\ContactManagementTest\ContactManagementTest.csproj", "{4B5CA282-63E5-46CC-AD47-D878C6BDAD46}"
EndProject
Project("{FAE04EC0-301F-11D3-BF4B-00C04F79EFBC}") = "Repository_Contracts", "..\Repository\Repository_Contracts.csproj", "{0CADDA26-6A28-4E43-8DD7-00FDA898B103}"
EndProject
Project("{FAE04EC0-301F-11D3-BF4B-00C04F79EFBC}") = "Repository_Classes", "..\Repository_Classes\Repository_Classes.csproj", "{E455B2CF-0D58-4746-A309-FAF0C147CAFB}"
EndProject
Global
	GlobalSection(SolutionConfigurationPlatforms) = preSolution
		Debug|Any CPU = Debug|Any CPU
		Release|Any CPU = Release|Any CPU
	EndGlobalSection
	GlobalSection(ProjectConfigurationPlatforms) = postSolution
		{8F96D443-2072-4565-B7E1-91C4C9A9DA58}.Debug|Any CPU.ActiveCfg = Debug|Any CPU
		{8F96D443-2072-4565-B7E1-91C4C9A9DA58}.Debug|Any CPU.Build.0 = Debug|Any CPU
		{8F96D443-2072-4565-B7E1-91C4C9A9DA58}.Release|Any CPU.ActiveCfg = Release|Any CPU
		{8F96D443-2072-4565-B7E1-91C4C9A9DA58}.Release|Any CPU.Build.0 = Release|Any CPU
		{CC1F3D36-10D0-41AE-ADF4-27C74A505C00}.Debug|Any CPU.ActiveCfg = Debug|Any CPU
		{CC1F3D36-10D0-41AE-ADF4-27C74A505C00}.Debug|Any CPU.Build.0 = Debug|Any CPU
		{CC1F3D36-10D0-41AE-ADF4-27C74A505C00}.Release|Any CPU.ActiveCfg = Release|Any CPU
		{CC1F3D36-10D0-41AE-ADF4-27C74A505C00}.Release|Any CPU.Build.0 = Release|Any CPU
		{A53F87F0-19CB-451C-A570-E1F1E8B5FD65}.Debug|Any CPU.ActiveCfg = Debug|Any CPU
		{A53F87F0-19CB-451C-A570-E1F1E8B5FD65}.Debug|Any CPU.Build.0 = Debug|Any CPU
		{A53F87F0-19CB-451C-A570-E1F1E8B5FD65}.Release|Any CPU.ActiveCfg = Release|Any CPU
		{A53F87F0-19CB-451C-A570-E1F1E8B5FD65}.Release|Any CPU.Build.0 = Release|Any CPU
		{3E0CC2E0-57B3-4DC7-90A8-523FA2EF8D3A}.Debug|Any CPU.ActiveCfg = Debug|Any CPU
		{3E0CC2E0-57B3-4DC7-90A8-523FA2EF8D3A}.Debug|Any CPU.Build.0 = Debug|Any CPU
		{3E0CC2E0-57B3-4DC7-90A8-523FA2EF8D3A}.Release|Any CPU.ActiveCfg = Release|Any CPU
		{3E0CC2E0-57B3-4DC7-90A8-523FA2EF8D3A}.Release|Any CPU.Build.0 = Release|Any CPU
		{6E7B45A5-2FC8-435A-9974-592F1E005472}.Debug|Any CPU.ActiveCfg = Debug|Any CPU
		{6E7B45A5-2FC8-435A-9974-592F1E005472}.Debug|Any CPU.Build.0 = Debug|Any CPU
		{6E7B45A5-2FC8-435A-9974-592F1E005472}.Release|Any CPU.ActiveCfg = Release|Any CPU
		{6E7B45A5-2FC8-435A-9974-592F1E005472}.Release|Any CPU.Build.0 = Release|Any CPU
		{4B5CA282-63E5-46CC-AD47-D878C6BDAD46}.Debug|Any CPU.ActiveCfg = Debug|Any CPU
		{4B5CA282-63E5-46CC-AD47-D878C6BDAD46}.Debug|Any CPU.Build.0 = Debug|Any CPU
		{4B5CA282-63E5-46CC-AD47-D878C6BDAD46}.Release|Any CPU.ActiveCfg = Release|Any CPU
		{4B5CA282-63E5-46CC-AD47-D878C6BDAD46}.Release|Any CPU.Build.0 = Release|Any CPU
		{0CADDA26-6A28-4E43-8DD7-00FDA898B103}.Debug|Any CPU.ActiveCfg = Debug|Any CPU
		{0CADDA26-6A28-4E43-8DD7-00FDA898B103}.Debug|Any CPU.Build.0 = Debug|Any CPU
		{0CADDA26-6A28-4E43-8DD7-00FDA898B103}.Release|Any CPU.ActiveCfg = Release|Any CPU
		{0CADDA26-6A28-4E43-8DD7-00FDA898B103}.Release|Any CPU.Build.0 = Release|Any CPU
		{E455B2CF-0D58-4746-A309-FAF0C147CAFB}.Debug|Any CPU.ActiveCfg = Debug|Any CPU
		{E455B2CF-0D58-4746-A309-FAF0C147CAFB}.Debug|Any CPU.Build.0 = Debug|Any CPU
		{E455B2CF-0D58-4746-A309-FAF0C147CAFB}.Release|Any CPU.ActiveCfg = Release|Any CPU
		{E455B2CF-0D58-4746-A309-FAF0C147CAFB}.Release|Any CPU.Build.0 = Release|Any CPU
	EndGlobalSection
	GlobalSection(SolutionProperties) = preSolution
		HideSolutionNode = FALSE
	EndGlobalSection
EndGlobal
